
Microsoft Visual Studio Solution File, Format Version 12.00
# Visual Studio Version 17
VisualStudioVersion = 17.9.34728.123
MinimumVisualStudioVersion = 10.0.40219.1
Project("{FAE04EC0-301F-11D3-BF4B-00C04F79EFBC}") = "JobWebApplicationvip", "JobWebApplicationvip\JobWebApplicationvip.csproj", "{53B7C2E9-A7B5-4B6E-80E7-2E6554596221}"
EndProject
Global
	GlobalSection(SolutionConfigurationPlatforms) = preSolution
		Debug|Any CPU = Debug|Any CPU
		Release|Any CPU = Release|Any CPU
	EndGlobalSection
	GlobalSection(ProjectConfigurationPlatforms) = postSolution
		{53B7C2E9-A7B5-4B6E-80E7-2E6554596221}.Debug|Any CPU.ActiveCfg = Debug|Any CPU
		{53B7C2E9-A7B5-4B6E-80E7-2E6554596221}.Debug|Any CPU.Build.0 = Debug|Any CPU
		{53B7C2E9-A7B5-4B6E-80E7-2E6554596221}.Release|Any CPU.ActiveCfg = Release|Any CPU
		{53B7C2E9-A7B5-4B6E-80E7-2E6554596221}.Release|Any CPU.Build.0 = Release|Any CPU
	EndGlobalSection
	GlobalSection(SolutionProperties) = preSolution
		HideSolutionNode = FALSE
	EndGlobalSection
	GlobalSection(ExtensibilityGlobals) = postSolution
		SolutionGuid = {A5CC0E21-0352-4016-92B7-CD754480BC1B}
	EndGlobalSection
EndGlobal
